// !$*UTF8*$!
{
	archiveVersion = 1;
	classes = {
	};
	objectVersion = 50;
	objects = {

/* Begin PBXBuildFile section */
		5BEDE0AD2180F1A8009FBF24 /* AppDelegate.swift in Sources */ = {isa = PBXBuildFile; fileRef = 5BEDE0AC2180F1A8009FBF24 /* AppDelegate.swift */; };
		5BEDE0AF2180F1A8009FBF24 /* ViewController.swift in Sources */ = {isa = PBXBuildFile; fileRef = 5BEDE0AE2180F1A8009FBF24 /* ViewController.swift */; };
		5BEDE0B22180F1A8009FBF24 /* Main.storyboard in Resources */ = {isa = PBXBuildFile; fileRef = 5BEDE0B02180F1A8009FBF24 /* Main.storyboard */; };
		5BEDE0B42180F1A9009FBF24 /* Assets.xcassets in Resources */ = {isa = PBXBuildFile; fileRef = 5BEDE0B32180F1A9009FBF24 /* Assets.xcassets */; };
		5BEDE0B72180F1A9009FBF24 /* LaunchScreen.storyboard in Resources */ = {isa = PBXBuildFile; fileRef = 5BEDE0B52180F1A9009FBF24 /* LaunchScreen.storyboard */; };
		5BEDE0BF2180F7A2009FBF24 /* TodoTableViewController.swift in Sources */ = {isa = PBXBuildFile; fileRef = 5BEDE0BE2180F7A2009FBF24 /* TodoTableViewController.swift */; };
		5BEDE0C22180FA4D009FBF24 /* Todo.swift in Sources */ = {isa = PBXBuildFile; fileRef = 5BEDE0C12180FA4D009FBF24 /* Todo.swift */; };
		5BEDE0C42180FA5B009FBF24 /* TodoList.swift in Sources */ = {isa = PBXBuildFile; fileRef = 5BEDE0C32180FA5B009FBF24 /* TodoList.swift */; };
		5BEDE0C82181258E009FBF24 /* TodoCell.swift in Sources */ = {isa = PBXBuildFile; fileRef = 5BEDE0C72181258E009FBF24 /* TodoCell.swift */; };
		5BFA09E521850C02008524F5 /* TasksTabsController.swift in Sources */ = {isa = PBXBuildFile; fileRef = 5BFA09E421850C02008524F5 /* TasksTabsController.swift */; };
		5BFA09E721850D42008524F5 /* TaskController.swift in Sources */ = {isa = PBXBuildFile; fileRef = 5BFA09E621850D42008524F5 /* TaskController.swift */; };
/* End PBXBuildFile section */

/* Begin PBXFileReference section */
		5BEDE0A92180F1A8009FBF24 /* TodoApp.app */ = {isa = PBXFileReference; explicitFileType = wrapper.application; includeInIndex = 0; path = TodoApp.app; sourceTree = BUILT_PRODUCTS_DIR; };
		5BEDE0AC2180F1A8009FBF24 /* AppDelegate.swift */ = {isa = PBXFileReference; lastKnownFileType = sourcecode.swift; path = AppDelegate.swift; sourceTree = "<group>"; };
		5BEDE0AE2180F1A8009FBF24 /* ViewController.swift */ = {isa = PBXFileReference; lastKnownFileType = sourcecode.swift; path = ViewController.swift; sourceTree = "<group>"; };
		5BEDE0B12180F1A8009FBF24 /* Base */ = {isa = PBXFileReference; lastKnownFileType = file.storyboard; name = Base; path = Base.lproj/Main.storyboard; sourceTree = "<group>"; };
		5BEDE0B32180F1A9009FBF24 /* Assets.xcassets */ = {isa = PBXFileReference; lastKnownFileType = folder.assetcatalog; path = Assets.xcassets; sourceTree = "<group>"; };
		5BEDE0B62180F1A9009FBF24 /* Base */ = {isa = PBXFileReference; lastKnownFileType = file.storyboard; name = Base; path = Base.lproj/LaunchScreen.storyboard; sourceTree = "<group>"; };
		5BEDE0B82180F1A9009FBF24 /* Info.plist */ = {isa = PBXFileReference; lastKnownFileType = text.plist.xml; path = Info.plist; sourceTree = "<group>"; };
		5BEDE0BE2180F7A2009FBF24 /* TodoTableViewController.swift */ = {isa = PBXFileReference; lastKnownFileType = sourcecode.swift; path = TodoTableViewController.swift; sourceTree = "<group>"; };
		5BEDE0C12180FA4D009FBF24 /* Todo.swift */ = {isa = PBXFileReference; lastKnownFileType = sourcecode.swift; path = Todo.swift; sourceTree = "<group>"; };
		5BEDE0C32180FA5B009FBF24 /* TodoList.swift */ = {isa = PBXFileReference; lastKnownFileType = sourcecode.swift; path = TodoList.swift; sourceTree = "<group>"; };
		5BEDE0C72181258E009FBF24 /* TodoCell.swift */ = {isa = PBXFileReference; lastKnownFileType = sourcecode.swift; path = TodoCell.swift; sourceTree = "<group>"; };
		5BFA09E421850C02008524F5 /* TasksTabsController.swift */ = {isa = PBXFileReference; lastKnownFileType = sourcecode.swift; path = TasksTabsController.swift; sourceTree = "<group>"; };
		5BFA09E621850D42008524F5 /* TaskController.swift */ = {isa = PBXFileReference; lastKnownFileType = sourcecode.swift; path = TaskController.swift; sourceTree = "<group>"; };
/* End PBXFileReference section */

/* Begin PBXFrameworksBuildPhase section */
		5BEDE0A62180F1A8009FBF24 /* Frameworks */ = {
			isa = PBXFrameworksBuildPhase;
			buildActionMask = 2147483647;
			files = (
			);
			runOnlyForDeploymentPostprocessing = 0;
		};
/* End PBXFrameworksBuildPhase section */

/* Begin PBXGroup section */
		5BEDE0A02180F1A8009FBF24 = {
			isa = PBXGroup;
			children = (
				5BEDE0AB2180F1A8009FBF24 /* TodoApp */,
				5BEDE0AA2180F1A8009FBF24 /* Products */,
			);
			sourceTree = "<group>";
		};
		5BEDE0AA2180F1A8009FBF24 /* Products */ = {
			isa = PBXGroup;
			children = (
				5BEDE0A92180F1A8009FBF24 /* TodoApp.app */,
			);
			name = Products;
			sourceTree = "<group>";
		};
		5BEDE0AB2180F1A8009FBF24 /* TodoApp */ = {
			isa = PBXGroup;
			children = (
				5BEDE0C02180FA3C009FBF24 /* Model */,
				5BEDE0AC2180F1A8009FBF24 /* AppDelegate.swift */,
				5BEDE0AE2180F1A8009FBF24 /* ViewController.swift */,
				5BEDE0B02180F1A8009FBF24 /* Main.storyboard */,
				5BFA09E421850C02008524F5 /* TasksTabsController.swift */,
				5BEDE0B32180F1A9009FBF24 /* Assets.xcassets */,
				5BEDE0B52180F1A9009FBF24 /* LaunchScreen.storyboard */,
				5BEDE0B82180F1A9009FBF24 /* Info.plist */,
				5BEDE0BE2180F7A2009FBF24 /* TodoTableViewController.swift */,
				5BFA09E621850D42008524F5 /* TaskController.swift */,
				5BEDE0C72181258E009FBF24 /* TodoCell.swift */,
			);
			path = TodoApp;
			sourceTree = "<group>";
		};
		5BEDE0C02180FA3C009FBF24 /* Model */ = {
			isa = PBXGroup;
			children = (
				5BEDE0C12180FA4D009FBF24 /* Todo.swift */,
				5BEDE0C32180FA5B009FBF24 /* TodoList.swift */,
			);
			path = Model;
			sourceTree = "<group>";
		};
/* End PBXGroup section */

/* Begin PBXNativeTarget section */
		5BEDE0A82180F1A8009FBF24 /* TodoApp */ = {
			isa = PBXNativeTarget;
			buildConfigurationList = 5BEDE0BB2180F1A9009FBF24 /* Build configuration list for PBXNativeTarget "TodoApp" */;
			buildPhases = (
				5BEDE0A52180F1A8009FBF24 /* Sources */,
				5BEDE0A62180F1A8009FBF24 /* Frameworks */,
				5BEDE0A72180F1A8009FBF24 /* Resources */,
			);
			buildRules = (
			);
			dependencies = (
			);
			name = TodoApp;
			productName = TodoApp;
			productReference = 5BEDE0A92180F1A8009FBF24 /* TodoApp.app */;
			productType = "com.apple.product-type.application";
		};
/* End PBXNativeTarget section */

/* Begin PBXProject section */
		5BEDE0A12180F1A8009FBF24 /* Project object */ = {
			isa = PBXProject;
			attributes = {
				LastSwiftUpdateCheck = 1000;
				LastUpgradeCheck = 1000;
				ORGANIZATIONNAME = sohe1l;
				TargetAttributes = {
					5BEDE0A82180F1A8009FBF24 = {
						CreatedOnToolsVersion = 10.0;
					};
				};
			};
			buildConfigurationList = 5BEDE0A42180F1A8009FBF24 /* Build configuration list for PBXProject "TodoApp" */;
			compatibilityVersion = "Xcode 9.3";
			developmentRegion = en;
			hasScannedForEncodings = 0;
			knownRegions = (
				en,
				Base,
			);
			mainGroup = 5BEDE0A02180F1A8009FBF24;
			productRefGroup = 5BEDE0AA2180F1A8009FBF24 /* Products */;
			projectDirPath = "";
			projectRoot = "";
			targets = (
				5BEDE0A82180F1A8009FBF24 /* TodoApp */,
			);
		};
/* End PBXProject section */

/* Begin PBXResourcesBuildPhase section */
		5BEDE0A72180F1A8009FBF24 /* Resources */ = {
			isa = PBXResourcesBuildPhase;
			buildActionMask = 2147483647;
			files = (
				5BEDE0B72180F1A9009FBF24 /* LaunchScreen.storyboard in Resources */,
				5BEDE0B42180F1A9009FBF24 /* Assets.xcassets in Resources */,
				5BEDE0B22180F1A8009FBF24 /* Main.storyboard in Resources */,
			);
			runOnlyForDeploymentPostprocessing = 0;
		};
/* End PBXResourcesBuildPhase section */

/* Begin PBXSourcesBuildPhase section */
		5BEDE0A52180F1A8009FBF24 /* Sources */ = {
			isa = PBXSourcesBuildPhase;
			buildActionMask = 2147483647;
			files = (
				5BFA09E521850C02008524F5 /* TasksTabsController.swift in Sources */,
				5BEDE0C42180FA5B009FBF24 /* TodoList.swift in Sources */,
				5BEDE0AF2180F1A8009FBF24 /* ViewController.swift in Sources */,
				5BEDE0C82181258E009FBF24 /* TodoCell.swift in Sources */,
				5BEDE0BF2180F7A2009FBF24 /* TodoTableViewController.swift in Sources */,
				5BEDE0AD2180F1A8009FBF24 /* AppDelegate.swift in Sources */,
				5BFA09E721850D42008524F5 /* TaskController.swift in Sources */,
				5BEDE0C22180FA4D009FBF24 /* Todo.swift in Sources */,
			);
			runOnlyForDeploymentPostprocessing = 0;
		};
/* End PBXSourcesBuildPhase section */

/* Begin PBXVariantGroup section */
		5BEDE0B02180F1A8009FBF24 /* Main.storyboard */ = {
			isa = PBXVariantGroup;
			children = (
				5BEDE0B12180F1A8009FBF24 /* Base */,
			);
			name = Main.storyboard;
			sourceTree = "<group>";
		};
		5BEDE0B52180F1A9009FBF24 /* LaunchScreen.storyboard */ = {
			isa = PBXVariantGroup;
			children = (
				5BEDE0B62180F1A9009FBF24 /* Base */,
			);
			name = LaunchScreen.storyboard;
			sourceTree = "<group>";
		};
/* End PBXVariantGroup section */

/* Begin XCBuildConfiguration section */
		5BEDE0B92180F1A9009FBF24 /* Debug */ = {
			isa = XCBuildConfiguration;
			buildSettings = {
				ALWAYS_SEARCH_USER_PATHS = NO;
				CLANG_ANALYZER_NONNULL = YES;
				CLANG_ANALYZER_NUMBER_OBJECT_CONVERSION = YES_AGGRESSIVE;
				CLANG_CXX_LANGUAGE_STANDARD = "gnu++14";
				CLANG_CXX_LIBRARY = "libc++";
				CLANG_ENABLE_MODULES = YES;
				CLANG_ENABLE_OBJC_ARC = YES;
				CLANG_ENABLE_OBJC_WEAK = YES;
				CLANG_WARN_BLOCK_CAPTURE_AUTORELEASING = YES;
				CLANG_WARN_BOOL_CONVERSION = YES;
				CLANG_WARN_COMMA = YES;
				CLANG_WARN_CONSTANT_CONVERSION = YES;
				CLANG_WARN_DEPRECATED_OBJC_IMPLEMENTATIONS = YES;
				CLANG_WARN_DIRECT_OBJC_ISA_USAGE = YES_ERROR;
				CLANG_WARN_DOCUMENTATION_COMMENTS = YES;
				CLANG_WARN_EMPTY_BODY = YES;
				CLANG_WARN_ENUM_CONVERSION = YES;
				CLANG_WARN_INFINITE_RECURSION = YES;
				CLANG_WARN_INT_CONVERSION = YES;
				CLANG_WARN_NON_LITERAL_NULL_CONVERSION = YES;
				CLANG_WARN_OBJC_IMPLICIT_RETAIN_SELF = YES;
				CLANG_WARN_OBJC_LITERAL_CONVERSION = YES;
				CLANG_WARN_OBJC_ROOT_CLASS = YES_ERROR;
				CLANG_WARN_RANGE_LOOP_ANALYSIS = YES;
				CLANG_WARN_STRICT_PROTOTYPES = YES;
				CLANG_WARN_SUSPICIOUS_MOVE = YES;
				CLANG_WARN_UNGUARDED_AVAILABILITY = YES_AGGRESSIVE;
				CLANG_WARN_UNREACHABLE_CODE = YES;
				CLANG_WARN__DUPLICATE_METHOD_MATCH = YES;
				CODE_SIGN_IDENTITY = "iPhone Developer";
				COPY_PHASE_STRIP = NO;
				DEBUG_INFORMATION_FORMAT = dwarf;
				ENABLE_STRICT_OBJC_MSGSEND = YES;
				ENABLE_TESTABILITY = YES;
				GCC_C_LANGUAGE_STANDARD = gnu11;
				GCC_DYNAMIC_NO_PIC = NO;
				GCC_NO_COMMON_BLOCKS = YES;
				GCC_OPTIMIZATION_LEVEL = 0;
				GCC_PREPROCESSOR_DEFINITIONS = (
					"DEBUG=1",
					"$(inherited)",
				);
				GCC_WARN_64_TO_32_BIT_CONVERSION = YES;
				GCC_WARN_ABOUT_RETURN_TYPE = YES_ERROR;
				GCC_WARN_UNDECLARED_SELECTOR = YES;
				GCC_WARN_UNINITIALIZED_AUTOS = YES_AGGRESSIVE;
				GCC_WARN_UNUSED_FUNCTION = YES;
				GCC_WARN_UNUSED_VARIABLE = YES;
				IPHONEOS_DEPLOYMENT_TARGET = 12.0;
				MTL_ENABLE_DEBUG_INFO = INCLUDE_SOURCE;
				MTL_FAST_MATH = YES;
				ONLY_ACTIVE_ARCH = YES;
				SDKROOT = iphoneos;
				SWIFT_ACTIVE_COMPILATION_CONDITIONS = DEBUG;
				SWIFT_OPTIMIZATION_LEVEL = "-Onone";
			};
			name = Debug;
		};
		5BEDE0BA2180F1A9009FBF24 /* Release */ = {
			isa = XCBuildConfiguration;
			buildSettings = {
				ALWAYS_SEARCH_USER_PATHS = NO;
				CLANG_ANALYZER_NONNULL = YES;
				CLANG_ANALYZER_NUMBER_OBJECT_CONVERSION = YES_AGGRESSIVE;
				CLANG_CXX_LANGUAGE_STANDARD = "gnu++14";
				CLANG_CXX_LIBRARY = "libc++";
				CLANG_ENABLE_MODULES = YES;
				CLANG_ENABLE_OBJC_ARC = YES;
				CLANG_ENABLE_OBJC_WEAK = YES;
				CLANG_WARN_BLOCK_CAPTURE_AUTORELEASING = YES;
				CLANG_WARN_BOOL_CONVERSION = YES;
				CLANG_WARN_COMMA = YES;
				CLANG_WARN_CONSTANT_CONVERSION = YES;
				CLANG_WARN_DEPRECATED_OBJC_IMPLEMENTATIONS = YES;
				CLANG_WARN_DIRECT_OBJC_ISA_USAGE = YES_ERROR;
				CLANG_WARN_DOCUMENTATION_COMMENTS = YES;
				CLANG_WARN_EMPTY_BODY = YES;
				CLANG_WARN_ENUM_CONVERSION = YES;
				CLANG_WARN_INFINITE_RECURSION = YES;
				CLANG_WARN_INT_CONVERSION = YES;
				CLANG_WARN_NON_LITERAL_NULL_CONVERSION = YES;
				CLANG_WARN_OBJC_IMPLICIT_RETAIN_SELF = YES;
				CLANG_WARN_OBJC_LITERAL_CONVERSION = YES;
				CLANG_WARN_OBJC_ROOT_CLASS = YES_ERROR;
				CLANG_WARN_RANGE_LOOP_ANALYSIS = YES;
				CLANG_WARN_STRICT_PROTOTYPES = YES;
				CLANG_WARN_SUSPICIOUS_MOVE = YES;
				CLANG_WARN_UNGUARDED_AVAILABILITY = YES_AGGRESSIVE;
				CLANG_WARN_UNREACHABLE_CODE = YES;
				CLANG_WARN__DUPLICATE_METHOD_MATCH = YES;
				CODE_SIGN_IDENTITY = "iPhone Developer";
				COPY_PHASE_STRIP = NO;
				DEBUG_INFORMATION_FORMAT = "dwarf-with-dsym";
				ENABLE_NS_ASSERTIONS = NO;
				ENABLE_STRICT_OBJC_MSGSEND = YES;
				GCC_C_LANGUAGE_STANDARD = gnu11;
				GCC_NO_COMMON_BLOCKS = YES;
				GCC_WARN_64_TO_32_BIT_CONVERSION = YES;
				GCC_WARN_ABOUT_RETURN_TYPE = YES_ERROR;
				GCC_WARN_UNDECLARED_SELECTOR = YES;
				GCC_WARN_UNINITIALIZED_AUTOS = YES_AGGRESSIVE;
				GCC_WARN_UNUSED_FUNCTION = YES;
				GCC_WARN_UNUSED_VARIABLE = YES;
				IPHONEOS_DEPLOYMENT_TARGET = 12.0;
				MTL_ENABLE_DEBUG_INFO = NO;
				MTL_FAST_MATH = YES;
				SDKROOT = iphoneos;
				SWIFT_COMPILATION_MODE = wholemodule;
				SWIFT_OPTIMIZATION_LEVEL = "-O";
				VALIDATE_PRODUCT = YES;
			};
			name = Release;
		};
		5BEDE0BC2180F1A9009FBF24 /* Debug */ = {
			isa = XCBuildConfiguration;
			buildSettings = {
				ASSETCATALOG_COMPILER_APPICON_NAME = AppIcon;
				CODE_SIGN_STYLE = Automatic;
				DEVELOPMENT_TEAM = L7U7BLKA2L;
				INFOPLIST_FILE = TodoApp/Info.plist;
				LD_RUNPATH_SEARCH_PATHS = (
					"$(inherited)",
					"@executable_path/Frameworks",
				);
				PRODUCT_BUNDLE_IDENTIFIER = sohe1l.TodoApp;
				PRODUCT_NAME = "$(TARGET_NAME)";
				SWIFT_VERSION = 4.2;
				TARGETED_DEVICE_FAMILY = "1,2";
			};
			name = Debug;
		};
		5BEDE0BD2180F1A9009FBF24 /* Release */ = {
			isa = XCBuildConfiguration;
			buildSettings = {
				ASSETCATALOG_COMPILER_APPICON_NAME = AppIcon;
				CODE_SIGN_STYLE = Automatic;
				DEVELOPMENT_TEAM = L7U7BLKA2L;
				INFOPLIST_FILE = TodoApp/Info.plist;
				LD_RUNPATH_SEARCH_PATHS = (
					"$(inherited)",
					"@executable_path/Frameworks",
				);
				PRODUCT_BUNDLE_IDENTIFIER = sohe1l.TodoApp;
				PRODUCT_NAME = "$(TARGET_NAME)";
				SWIFT_VERSION = 4.2;
				TARGETED_DEVICE_FAMILY = "1,2";
			};
			name = Release;
		};
/* End XCBuildConfiguration section */

/* Begin XCConfigurationList section */
		5BEDE0A42180F1A8009FBF24 /* Build configuration list for PBXProject "TodoApp" */ = {
			isa = XCConfigurationList;
			buildConfigurations = (
				5BEDE0B92180F1A9009FBF24 /* Debug */,
				5BEDE0BA2180F1A9009FBF24 /* Release */,
			);
			defaultConfigurationIsVisible = 0;
			defaultConfigurationName = Release;
		};
		5BEDE0BB2180F1A9009FBF24 /* Build configuration list for PBXNativeTarget "TodoApp" */ = {
			isa = XCConfigurationList;
			buildConfigurations = (
				5BEDE0BC2180F1A9009FBF24 /* Debug */,
				5BEDE0BD2180F1A9009FBF24 /* Release */,
			);
			defaultConfigurationIsVisible = 0;
			defaultConfigurationName = Release;
		};
/* End XCConfigurationList section */
	};
	rootObject = 5BEDE0A12180F1A8009FBF24 /* Project object */;
}
